
Microsoft Visual Studio Solution File, Format Version 12.00
# Visual Studio 15
VisualStudioVersion = 15.0.27130.2003
MinimumVisualStudioVersion = 10.0.40219.1
Project("{FAE04EC0-301F-11D3-BF4B-00C04F79EFBC}") = "AlgorytmLSB", "AlgorytmLSB\AlgorytmLSB.csproj", "{CF1BA185-A3E8-469A-8AF0-0D0C9FB54CCA}"
EndProject
Global
	GlobalSection(SolutionConfigurationPlatforms) = preSolution
		Debug|Any CPU = Debug|Any CPU
		Release|Any CPU = Release|Any CPU
	EndGlobalSection
	GlobalSection(ProjectConfigurationPlatforms) = postSolution
		{CF1BA185-A3E8-469A-8AF0-0D0C9FB54CCA}.Debug|Any CPU.ActiveCfg = Debug|Any CPU
		{CF1BA185-A3E8-469A-8AF0-0D0C9FB54CCA}.Debug|Any CPU.Build.0 = Debug|Any CPU
		{CF1BA185-A3E8-469A-8AF0-0D0C9FB54CCA}.Release|Any CPU.ActiveCfg = Release|Any CPU
		{CF1BA185-A3E8-469A-8AF0-0D0C9FB54CCA}.Release|Any CPU.Build.0 = Release|Any CPU
	EndGlobalSection
	GlobalSection(SolutionProperties) = preSolution
		HideSolutionNode = FALSE
	EndGlobalSection
	GlobalSection(ExtensibilityGlobals) = postSolution
		SolutionGuid = {49079AEA-128F-4918-A703-402DD82E7AA0}
	EndGlobalSection
EndGlobal
